
Microsoft Visual Studio Solution File, Format Version 12.00
# Visual Studio 15
VisualStudioVersion = 15.0.27428.2037
MinimumVisualStudioVersion = 10.0.40219.1
Project("{FAE04EC0-301F-11D3-BF4B-00C04F79EFBC}") = "Gateway.Web", "Gateway.Web\Gateway.Web.csproj", "{0320F0B5-EF96-4D8C-8F7E-32460EC5ED62}"
EndProject
Project("{FAE04EC0-301F-11D3-BF4B-00C04F79EFBC}") = "Gateway.Web.Tests", "Gateway.Web.Tests\Gateway.Web.Tests.csproj", "{089E91A5-ABEB-4DD6-B36F-1AAF8B4C5B4E}"
EndProject
Project("{2150E333-8FDC-42A3-9474-1A3956D46DE8}") = "Configuration", "Configuration", "{BE7972A3-D1EB-48FB-BE0B-66A26F445DD7}"
EndProject
Project("{2150E333-8FDC-42A3-9474-1A3956D46DE8}") = "DEV", "DEV", "{251FEC39-43E1-42BB-A23A-72E787F8720C}"
EndProject
Project("{2150E333-8FDC-42A3-9474-1A3956D46DE8}") = "UAT", "UAT", "{B8D4D991-2B65-4C0B-BBEE-CFA63589F045}"
EndProject
Project("{2150E333-8FDC-42A3-9474-1A3956D46DE8}") = "PROD", "PROD", "{3577F3A9-5F37-4EE1-AAFD-F63F8AA7696D}"
EndProject
Project("{2150E333-8FDC-42A3-9474-1A3956D46DE8}") = "corp", "corp", "{85FCAA17-A265-4AE1-8510-6E8A01E16FBF}"
	ProjectSection(SolutionItems) = preProject
		Configuration\DEV\corp\appsettings.config = Configuration\DEV\corp\appsettings.config
	EndProjectSection
EndProject
Project("{2150E333-8FDC-42A3-9474-1A3956D46DE8}") = "corp", "corp", "{3127FE4F-FEE2-4D56-8477-A63B97C8ABB6}"
	ProjectSection(SolutionItems) = preProject
		Configuration\PROD\corp\appsettings.config = Configuration\PROD\corp\appsettings.config
	EndProjectSection
EndProject
Project("{2150E333-8FDC-42A3-9474-1A3956D46DE8}") = "intra", "intra", "{F3C9DAB6-6A74-4A19-BDAA-338CF40FB2D6}"
	ProjectSection(SolutionItems) = preProject
		Configuration\PROD\intra\appsettings.config = Configuration\PROD\intra\appsettings.config
	EndProjectSection
EndProject
Project("{2150E333-8FDC-42A3-9474-1A3956D46DE8}") = "corp", "corp", "{6B70E333-D08A-4DED-8455-7A137B5FB69A}"
	ProjectSection(SolutionItems) = preProject
		Configuration\UAT\corp\appsettings.config = Configuration\UAT\corp\appsettings.config
	EndProjectSection
EndProject
Project("{2150E333-8FDC-42A3-9474-1A3956D46DE8}") = "intra", "intra", "{42133ABA-4241-4060-A235-FDD864384FDE}"
	ProjectSection(SolutionItems) = preProject
		Configuration\UAT\intra\appsettings.config = Configuration\UAT\intra\appsettings.config
	EndProjectSection
EndProject
Project("{2150E333-8FDC-42A3-9474-1A3956D46DE8}") = "EPIC", "EPIC", "{BB5B44C3-2508-44B0-8248-B48D1B31BA61}"
EndProject
Project("{2150E333-8FDC-42A3-9474-1A3956D46DE8}") = "corp", "corp", "{B6EDA50A-3AE0-4295-AAC2-1D3C2191EB4A}"
	ProjectSection(SolutionItems) = preProject
		Configuration\EPIC\corp\appsettings.config = Configuration\EPIC\corp\appsettings.config
	EndProjectSection
EndProject
Global
	GlobalSection(SolutionConfigurationPlatforms) = preSolution
		Debug|Any CPU = Debug|Any CPU
		Debug|x64 = Debug|x64
		Release|Any CPU = Release|Any CPU
		Release|x64 = Release|x64
	EndGlobalSection
	GlobalSection(ProjectConfigurationPlatforms) = postSolution
		{0320F0B5-EF96-4D8C-8F7E-32460EC5ED62}.Debug|Any CPU.ActiveCfg = Debug|Any CPU
		{0320F0B5-EF96-4D8C-8F7E-32460EC5ED62}.Debug|Any CPU.Build.0 = Debug|Any CPU
		{0320F0B5-EF96-4D8C-8F7E-32460EC5ED62}.Debug|x64.ActiveCfg = Debug|Any CPU
		{0320F0B5-EF96-4D8C-8F7E-32460EC5ED62}.Debug|x64.Build.0 = Debug|Any CPU
		{0320F0B5-EF96-4D8C-8F7E-32460EC5ED62}.Release|Any CPU.ActiveCfg = Release|Any CPU
		{0320F0B5-EF96-4D8C-8F7E-32460EC5ED62}.Release|Any CPU.Build.0 = Release|Any CPU
		{0320F0B5-EF96-4D8C-8F7E-32460EC5ED62}.Release|x64.ActiveCfg = Release|Any CPU
		{0320F0B5-EF96-4D8C-8F7E-32460EC5ED62}.Release|x64.Build.0 = Release|Any CPU
		{089E91A5-ABEB-4DD6-B36F-1AAF8B4C5B4E}.Debug|Any CPU.ActiveCfg = Debug|Any CPU
		{089E91A5-ABEB-4DD6-B36F-1AAF8B4C5B4E}.Debug|Any CPU.Build.0 = Debug|Any CPU
		{089E91A5-ABEB-4DD6-B36F-1AAF8B4C5B4E}.Debug|x64.ActiveCfg = Debug|Any CPU
		{089E91A5-ABEB-4DD6-B36F-1AAF8B4C5B4E}.Debug|x64.Build.0 = Debug|Any CPU
		{089E91A5-ABEB-4DD6-B36F-1AAF8B4C5B4E}.Release|Any CPU.ActiveCfg = Release|Any CPU
		{089E91A5-ABEB-4DD6-B36F-1AAF8B4C5B4E}.Release|Any CPU.Build.0 = Release|Any CPU
		{089E91A5-ABEB-4DD6-B36F-1AAF8B4C5B4E}.Release|x64.ActiveCfg = Release|Any CPU
		{089E91A5-ABEB-4DD6-B36F-1AAF8B4C5B4E}.Release|x64.Build.0 = Release|Any CPU
	EndGlobalSection
	GlobalSection(SolutionProperties) = preSolution
		HideSolutionNode = FALSE
	EndGlobalSection
	GlobalSection(NestedProjects) = preSolution
		{251FEC39-43E1-42BB-A23A-72E787F8720C} = {BE7972A3-D1EB-48FB-BE0B-66A26F445DD7}
		{B8D4D991-2B65-4C0B-BBEE-CFA63589F045} = {BE7972A3-D1EB-48FB-BE0B-66A26F445DD7}
		{3577F3A9-5F37-4EE1-AAFD-F63F8AA7696D} = {BE7972A3-D1EB-48FB-BE0B-66A26F445DD7}
		{85FCAA17-A265-4AE1-8510-6E8A01E16FBF} = {251FEC39-43E1-42BB-A23A-72E787F8720C}
		{3127FE4F-FEE2-4D56-8477-A63B97C8ABB6} = {3577F3A9-5F37-4EE1-AAFD-F63F8AA7696D}
		{F3C9DAB6-6A74-4A19-BDAA-338CF40FB2D6} = {3577F3A9-5F37-4EE1-AAFD-F63F8AA7696D}
		{6B70E333-D08A-4DED-8455-7A137B5FB69A} = {B8D4D991-2B65-4C0B-BBEE-CFA63589F045}
		{42133ABA-4241-4060-A235-FDD864384FDE} = {B8D4D991-2B65-4C0B-BBEE-CFA63589F045}
		{BB5B44C3-2508-44B0-8248-B48D1B31BA61} = {BE7972A3-D1EB-48FB-BE0B-66A26F445DD7}
		{B6EDA50A-3AE0-4295-AAC2-1D3C2191EB4A} = {BB5B44C3-2508-44B0-8248-B48D1B31BA61}
	EndGlobalSection
	GlobalSection(ExtensibilityGlobals) = postSolution
		SolutionGuid = {EE9C3593-AB9E-4351-9511-938ACC325FEA}
		EnterpriseLibraryConfigurationToolBinariesPath = packages\Unity.2.1.505.2\lib\NET35
	EndGlobalSection
EndGlobal
